
Microsoft Visual Studio Solution File, Format Version 12.00
# Visual Studio Version 17
VisualStudioVersion = 17.9.34607.119
MinimumVisualStudioVersion = 10.0.40219.1
Project("{FAE04EC0-301F-11D3-BF4B-00C04F79EFBC}") = "Veterinary.Shared", "Veterinary.Shared\Veterinary.Shared.csproj", "{474A89FC-95BE-4383-9DF6-C5A98F5B9E9F}"
EndProject
Project("{FAE04EC0-301F-11D3-BF4B-00C04F79EFBC}") = "Veterinary.API", "Veterinary.API\Veterinary.API.csproj", "{3F282974-A989-4143-B97E-D035BD5432E2}"
EndProject
Project("{FAE04EC0-301F-11D3-BF4B-00C04F79EFBC}") = "Veterinary.WEB", "Veterinary.WEB\Veterinary.WEB.csproj", "{4DF65910-C168-4EDA-BE5A-49A446F8102C}"
EndProject
Global
	GlobalSection(SolutionConfigurationPlatforms) = preSolution
		Debug|Any CPU = Debug|Any CPU
		Release|Any CPU = Release|Any CPU
	EndGlobalSection
	GlobalSection(ProjectConfigurationPlatforms) = postSolution
		{474A89FC-95BE-4383-9DF6-C5A98F5B9E9F}.Debug|Any CPU.ActiveCfg = Debug|Any CPU
		{474A89FC-95BE-4383-9DF6-C5A98F5B9E9F}.Debug|Any CPU.Build.0 = Debug|Any CPU
		{474A89FC-95BE-4383-9DF6-C5A98F5B9E9F}.Release|Any CPU.ActiveCfg = Release|Any CPU
		{474A89FC-95BE-4383-9DF6-C5A98F5B9E9F}.Release|Any CPU.Build.0 = Release|Any CPU
		{3F282974-A989-4143-B97E-D035BD5432E2}.Debug|Any CPU.ActiveCfg = Debug|Any CPU
		{3F282974-A989-4143-B97E-D035BD5432E2}.Debug|Any CPU.Build.0 = Debug|Any CPU
		{3F282974-A989-4143-B97E-D035BD5432E2}.Release|Any CPU.ActiveCfg = Release|Any CPU
		{3F282974-A989-4143-B97E-D035BD5432E2}.Release|Any CPU.Build.0 = Release|Any CPU
		{4DF65910-C168-4EDA-BE5A-49A446F8102C}.Debug|Any CPU.ActiveCfg = Debug|Any CPU
		{4DF65910-C168-4EDA-BE5A-49A446F8102C}.Debug|Any CPU.Build.0 = Debug|Any CPU
		{4DF65910-C168-4EDA-BE5A-49A446F8102C}.Release|Any CPU.ActiveCfg = Release|Any CPU
		{4DF65910-C168-4EDA-BE5A-49A446F8102C}.Release|Any CPU.Build.0 = Release|Any CPU
	EndGlobalSection
	GlobalSection(SolutionProperties) = preSolution
		HideSolutionNode = FALSE
	EndGlobalSection
	GlobalSection(ExtensibilityGlobals) = postSolution
		SolutionGuid = {6EAEA8B4-AAE0-47ED-AB95-0C40103B758D}
	EndGlobalSection
EndGlobal
